{
  "nodes": {
    "bk": {
      "inputs": {
        "pkg": "pkg"
      },
      "locked": {
        "dir": "pkg/bk",
        "lastModified": 1681613504,
        "narHash": "sha256-I0C6hkFuuTzpBPG8nfZd6kvEjFYJVWD33rkxC8mCzr4=",
        "owner": "defn",
        "repo": "m",
        "rev": "2b060a0052bc90c72b9039c4732c8da7c6fc1a6c",
        "type": "github"
      },
      "original": {
        "dir": "pkg/bk",
        "owner": "defn",
        "ref": "pkg-bk-2.0.0-6",
        "repo": "m",
        "type": "github"
      }
    },
    "boundary": {
      "inputs": {
        "pkg": "pkg_2"
      },
      "locked": {
        "dir": "pkg/boundary",
        "lastModified": 1681613522,
        "narHash": "sha256-vr+K42kLhqRTrXG/2Y8uld+/EyMw6QXH7OARzrCeCCQ=",
        "owner": "defn",
        "repo": "m",
        "rev": "a554947eebf40574a85662603cc1f93c4415224a",
        "type": "github"
      },
      "original": {
        "dir": "pkg/boundary",
        "owner": "defn",
        "ref": "pkg-boundary-0.12.2-5",
        "repo": "m",
        "type": "github"
      }
    },
    "buildevents": {
      "inputs": {
        "pkg": "pkg_3"
      },
      "locked": {
        "dir": "pkg/buildevents",
        "lastModified": 1681613547,
        "narHash": "sha256-jux2BMGSk7AKHkFR8/Km+GnRagl9uguzmQsAYO3ESXw=",
        "owner": "defn",
        "repo": "m",
        "rev": "6e5a90ab26bff9db167f65ed05db477173008f60",
        "type": "github"
      },
      "original": {
        "dir": "pkg/buildevents",
        "owner": "defn",
        "ref": "pkg-buildevents-0.13.0-5",
        "repo": "m",
        "type": "github"
      }
    },
    "buildkite": {
      "inputs": {
        "pkg": "pkg_4"
      },
      "locked": {
        "dir": "pkg/buildkite",
        "lastModified": 1681613572,
        "narHash": "sha256-lV9IIlij3h7PR31uw2y4Y046Y4FmsDnzqhUGmTJVKpI=",
        "owner": "defn",
        "repo": "m",
        "rev": "dedd30dc0c8bf629783587a3af9e7211cfe5848b",
        "type": "github"
      },
      "original": {
        "dir": "pkg/buildkite",
        "owner": "defn",
        "ref": "pkg-buildkite-3.45.0-5",
        "repo": "m",
        "type": "github"
      }
    },
    "dev": {
      "inputs": {
        "flake-utils": "flake-utils",
        "nixpkgs": "nixpkgs"
      },
      "locked": {
        "dir": "pkg/dev",
        "lastModified": 1681020358,
        "narHash": "sha256-Jq0i+f139MM+kcCjqTFcfXmc+2ghm9buxXDTJiiEkr0=",
        "owner": "defn",
        "repo": "m",
        "rev": "bfea5efe38d3c198f5baf6da6f5f80f72517f230",
        "type": "github"
      },
      "original": {
        "dir": "pkg/dev",
        "owner": "defn",
        "ref": "pkg-dev-0.0.3",
        "repo": "m",
        "type": "github"
      }
    },
    "dev_10": {
      "inputs": {
        "flake-utils": "flake-utils_10",
        "nixpkgs": "nixpkgs_10"
      },
      "locked": {
        "dir": "pkg/dev",
        "lastModified": 1681020358,
        "narHash": "sha256-Jq0i+f139MM+kcCjqTFcfXmc+2ghm9buxXDTJiiEkr0=",
        "owner": "defn",
        "repo": "m",
        "rev": "bfea5efe38d3c198f5baf6da6f5f80f72517f230",
        "type": "github"
      },
      "original": {
        "dir": "pkg/dev",
        "owner": "defn",
        "ref": "pkg-dev-0.0.3",
        "repo": "m",
        "type": "github"
      }
    },
    "dev_11": {
      "inputs": {
        "flake-utils": "flake-utils_11",
        "nixpkgs": "nixpkgs_11"
      },
      "locked": {
        "dir": "pkg/dev",
        "lastModified": 1681020358,
        "narHash": "sha256-Jq0i+f139MM+kcCjqTFcfXmc+2ghm9buxXDTJiiEkr0=",
        "owner": "defn",
        "repo": "m",
        "rev": "bfea5efe38d3c198f5baf6da6f5f80f72517f230",
        "type": "github"
      },
      "original": {
        "dir": "pkg/dev",
        "owner": "defn",
        "ref": "pkg-dev-0.0.3",
        "repo": "m",
        "type": "github"
      }
    },
    "dev_12": {
      "inputs": {
        "flake-utils": "flake-utils_12",
        "nixpkgs": "nixpkgs_12"
      },
      "locked": {
        "dir": "pkg/dev",
        "lastModified": 1681020358,
        "narHash": "sha256-Jq0i+f139MM+kcCjqTFcfXmc+2ghm9buxXDTJiiEkr0=",
        "owner": "defn",
        "repo": "m",
        "rev": "bfea5efe38d3c198f5baf6da6f5f80f72517f230",
        "type": "github"
      },
      "original": {
        "dir": "pkg/dev",
        "owner": "defn",
        "ref": "pkg-dev-0.0.3",
        "repo": "m",
        "type": "github"
      }
    },
    "dev_2": {
      "inputs": {
        "flake-utils": "flake-utils_2",
        "nixpkgs": "nixpkgs_2"
      },
      "locked": {
        "dir": "pkg/dev",
        "lastModified": 1681020358,
        "narHash": "sha256-Jq0i+f139MM+kcCjqTFcfXmc+2ghm9buxXDTJiiEkr0=",
        "owner": "defn",
        "repo": "m",
        "rev": "bfea5efe38d3c198f5baf6da6f5f80f72517f230",
        "type": "github"
      },
      "original": {
        "dir": "pkg/dev",
        "owner": "defn",
        "ref": "pkg-dev-0.0.3",
        "repo": "m",
        "type": "github"
      }
    },
    "dev_3": {
      "inputs": {
        "flake-utils": "flake-utils_3",
        "nixpkgs": "nixpkgs_3"
      },
      "locked": {
        "dir": "pkg/dev",
        "lastModified": 1681020358,
        "narHash": "sha256-Jq0i+f139MM+kcCjqTFcfXmc+2ghm9buxXDTJiiEkr0=",
        "owner": "defn",
        "repo": "m",
        "rev": "bfea5efe38d3c198f5baf6da6f5f80f72517f230",
        "type": "github"
      },
      "original": {
        "dir": "pkg/dev",
        "owner": "defn",
        "ref": "pkg-dev-0.0.3",
        "repo": "m",
        "type": "github"
      }
    },
    "dev_4": {
      "inputs": {
        "flake-utils": "flake-utils_4",
        "nixpkgs": "nixpkgs_4"
      },
      "locked": {
        "dir": "pkg/dev",
        "lastModified": 1681020358,
        "narHash": "sha256-Jq0i+f139MM+kcCjqTFcfXmc+2ghm9buxXDTJiiEkr0=",
        "owner": "defn",
        "repo": "m",
        "rev": "bfea5efe38d3c198f5baf6da6f5f80f72517f230",
        "type": "github"
      },
      "original": {
        "dir": "pkg/dev",
        "owner": "defn",
        "ref": "pkg-dev-0.0.3",
        "repo": "m",
        "type": "github"
      }
    },
    "dev_5": {
      "inputs": {
        "flake-utils": "flake-utils_5",
        "nixpkgs": "nixpkgs_5"
      },
      "locked": {
        "dir": "pkg/dev",
        "lastModified": 1681020358,
        "narHash": "sha256-Jq0i+f139MM+kcCjqTFcfXmc+2ghm9buxXDTJiiEkr0=",
        "owner": "defn",
        "repo": "m",
        "rev": "bfea5efe38d3c198f5baf6da6f5f80f72517f230",
        "type": "github"
      },
      "original": {
        "dir": "pkg/dev",
        "owner": "defn",
        "ref": "pkg-dev-0.0.3",
        "repo": "m",
        "type": "github"
      }
    },
    "dev_6": {
      "inputs": {
        "flake-utils": "flake-utils_6",
        "nixpkgs": "nixpkgs_6"
      },
      "locked": {
        "dir": "pkg/dev",
        "lastModified": 1681020358,
        "narHash": "sha256-Jq0i+f139MM+kcCjqTFcfXmc+2ghm9buxXDTJiiEkr0=",
        "owner": "defn",
        "repo": "m",
        "rev": "bfea5efe38d3c198f5baf6da6f5f80f72517f230",
        "type": "github"
      },
      "original": {
        "dir": "pkg/dev",
        "owner": "defn",
        "ref": "pkg-dev-0.0.3",
        "repo": "m",
        "type": "github"
      }
    },
    "dev_7": {
      "inputs": {
        "flake-utils": "flake-utils_7",
        "nixpkgs": "nixpkgs_7"
      },
      "locked": {
        "dir": "pkg/dev",
        "lastModified": 1681020358,
        "narHash": "sha256-Jq0i+f139MM+kcCjqTFcfXmc+2ghm9buxXDTJiiEkr0=",
        "owner": "defn",
        "repo": "m",
        "rev": "bfea5efe38d3c198f5baf6da6f5f80f72517f230",
        "type": "github"
      },
      "original": {
        "dir": "pkg/dev",
        "owner": "defn",
        "ref": "pkg-dev-0.0.3",
        "repo": "m",
        "type": "github"
      }
    },
    "dev_8": {
      "inputs": {
        "flake-utils": "flake-utils_8",
        "nixpkgs": "nixpkgs_8"
      },
      "locked": {
        "dir": "pkg/dev",
        "lastModified": 1681020358,
        "narHash": "sha256-Jq0i+f139MM+kcCjqTFcfXmc+2ghm9buxXDTJiiEkr0=",
        "owner": "defn",
        "repo": "m",
        "rev": "bfea5efe38d3c198f5baf6da6f5f80f72517f230",
        "type": "github"
      },
      "original": {
        "dir": "pkg/dev",
        "owner": "defn",
        "ref": "pkg-dev-0.0.3",
        "repo": "m",
        "type": "github"
      }
    },
    "dev_9": {
      "inputs": {
        "flake-utils": "flake-utils_9",
        "nixpkgs": "nixpkgs_9"
      },
      "locked": {
        "dir": "pkg/dev",
        "lastModified": 1681020358,
        "narHash": "sha256-Jq0i+f139MM+kcCjqTFcfXmc+2ghm9buxXDTJiiEkr0=",
        "owner": "defn",
        "repo": "m",
        "rev": "bfea5efe38d3c198f5baf6da6f5f80f72517f230",
        "type": "github"
      },
      "original": {
        "dir": "pkg/dev",
        "owner": "defn",
        "ref": "pkg-dev-0.0.3",
        "repo": "m",
        "type": "github"
      }
    },
    "earthly": {
      "inputs": {
        "pkg": "pkg_5"
      },
      "locked": {
        "dir": "pkg/earthly",
        "lastModified": 1681613790,
        "narHash": "sha256-t/PvCbdThpHxLuBdRUISa5wyNaJt1W412XQ6otDk5qM=",
        "owner": "defn",
        "repo": "m",
        "rev": "9487e238879a6aeaf92c294e523054d2f7190a38",
        "type": "github"
      },
      "original": {
        "dir": "pkg/earthly",
        "owner": "defn",
        "ref": "pkg-earthly-0.7.4-3",
        "repo": "m",
        "type": "github"
      }
    },
    "flake-utils": {
      "locked": {
        "lastModified": 1652776076,
        "narHash": "sha256-gzTw/v1vj4dOVbpBSJX4J0DwUR6LIyXo7/SuuTJp1kM=",
        "owner": "numtide",
        "repo": "flake-utils",
        "rev": "04c1b180862888302ddfb2e3ad9eaa63afc60cf8",
        "type": "github"
      },
      "original": {
        "owner": "numtide",
        "repo": "flake-utils",
        "rev": "04c1b180862888302ddfb2e3ad9eaa63afc60cf8",
        "type": "github"
      }
    },
    "flake-utils_10": {
      "locked": {
        "lastModified": 1652776076,
        "narHash": "sha256-gzTw/v1vj4dOVbpBSJX4J0DwUR6LIyXo7/SuuTJp1kM=",
        "owner": "numtide",
        "repo": "flake-utils",
        "rev": "04c1b180862888302ddfb2e3ad9eaa63afc60cf8",
        "type": "github"
      },
      "original": {
        "owner": "numtide",
        "repo": "flake-utils",
        "rev": "04c1b180862888302ddfb2e3ad9eaa63afc60cf8",
        "type": "github"
      }
    },
    "flake-utils_11": {
      "locked": {
        "lastModified": 1652776076,
        "narHash": "sha256-gzTw/v1vj4dOVbpBSJX4J0DwUR6LIyXo7/SuuTJp1kM=",
        "owner": "numtide",
        "repo": "flake-utils",
        "rev": "04c1b180862888302ddfb2e3ad9eaa63afc60cf8",
        "type": "github"
      },
      "original": {
        "owner": "numtide",
        "repo": "flake-utils",
        "rev": "04c1b180862888302ddfb2e3ad9eaa63afc60cf8",
        "type": "github"
      }
    },
    "flake-utils_12": {
      "locked": {
        "lastModified": 1652776076,
        "narHash": "sha256-gzTw/v1vj4dOVbpBSJX4J0DwUR6LIyXo7/SuuTJp1kM=",
        "owner": "numtide",
        "repo": "flake-utils",
        "rev": "04c1b180862888302ddfb2e3ad9eaa63afc60cf8",
        "type": "github"
      },
      "original": {
        "owner": "numtide",
        "repo": "flake-utils",
        "rev": "04c1b180862888302ddfb2e3ad9eaa63afc60cf8",
        "type": "github"
      }
    },
    "flake-utils_2": {
      "locked": {
        "lastModified": 1652776076,
        "narHash": "sha256-gzTw/v1vj4dOVbpBSJX4J0DwUR6LIyXo7/SuuTJp1kM=",
        "owner": "numtide",
        "repo": "flake-utils",
        "rev": "04c1b180862888302ddfb2e3ad9eaa63afc60cf8",
        "type": "github"
      },
      "original": {
        "owner": "numtide",
        "repo": "flake-utils",
        "rev": "04c1b180862888302ddfb2e3ad9eaa63afc60cf8",
        "type": "github"
      }
    },
    "flake-utils_3": {
      "locked": {
        "lastModified": 1652776076,
        "narHash": "sha256-gzTw/v1vj4dOVbpBSJX4J0DwUR6LIyXo7/SuuTJp1kM=",
        "owner": "numtide",
        "repo": "flake-utils",
        "rev": "04c1b180862888302ddfb2e3ad9eaa63afc60cf8",
        "type": "github"
      },
      "original": {
        "owner": "numtide",
        "repo": "flake-utils",
        "rev": "04c1b180862888302ddfb2e3ad9eaa63afc60cf8",
        "type": "github"
      }
    },
    "flake-utils_4": {
      "locked": {
        "lastModified": 1652776076,
        "narHash": "sha256-gzTw/v1vj4dOVbpBSJX4J0DwUR6LIyXo7/SuuTJp1kM=",
        "owner": "numtide",
        "repo": "flake-utils",
        "rev": "04c1b180862888302ddfb2e3ad9eaa63afc60cf8",
        "type": "github"
      },
      "original": {
        "owner": "numtide",
        "repo": "flake-utils",
        "rev": "04c1b180862888302ddfb2e3ad9eaa63afc60cf8",
        "type": "github"
      }
    },
    "flake-utils_5": {
      "locked": {
        "lastModified": 1652776076,
        "narHash": "sha256-gzTw/v1vj4dOVbpBSJX4J0DwUR6LIyXo7/SuuTJp1kM=",
        "owner": "numtide",
        "repo": "flake-utils",
        "rev": "04c1b180862888302ddfb2e3ad9eaa63afc60cf8",
        "type": "github"
      },
      "original": {
        "owner": "numtide",
        "repo": "flake-utils",
        "rev": "04c1b180862888302ddfb2e3ad9eaa63afc60cf8",
        "type": "github"
      }
    },
    "flake-utils_6": {
      "locked": {
        "lastModified": 1652776076,
        "narHash": "sha256-gzTw/v1vj4dOVbpBSJX4J0DwUR6LIyXo7/SuuTJp1kM=",
        "owner": "numtide",
        "repo": "flake-utils",
        "rev": "04c1b180862888302ddfb2e3ad9eaa63afc60cf8",
        "type": "github"
      },
      "original": {
        "owner": "numtide",
        "repo": "flake-utils",
        "rev": "04c1b180862888302ddfb2e3ad9eaa63afc60cf8",
        "type": "github"
      }
    },
    "flake-utils_7": {
      "locked": {
        "lastModified": 1652776076,
        "narHash": "sha256-gzTw/v1vj4dOVbpBSJX4J0DwUR6LIyXo7/SuuTJp1kM=",
        "owner": "numtide",
        "repo": "flake-utils",
        "rev": "04c1b180862888302ddfb2e3ad9eaa63afc60cf8",
        "type": "github"
      },
      "original": {
        "owner": "numtide",
        "repo": "flake-utils",
        "rev": "04c1b180862888302ddfb2e3ad9eaa63afc60cf8",
        "type": "github"
      }
    },
    "flake-utils_8": {
      "locked": {
        "lastModified": 1652776076,
        "narHash": "sha256-gzTw/v1vj4dOVbpBSJX4J0DwUR6LIyXo7/SuuTJp1kM=",
        "owner": "numtide",
        "repo": "flake-utils",
        "rev": "04c1b180862888302ddfb2e3ad9eaa63afc60cf8",
        "type": "github"
      },
      "original": {
        "owner": "numtide",
        "repo": "flake-utils",
        "rev": "04c1b180862888302ddfb2e3ad9eaa63afc60cf8",
        "type": "github"
      }
    },
    "flake-utils_9": {
      "locked": {
        "lastModified": 1652776076,
        "narHash": "sha256-gzTw/v1vj4dOVbpBSJX4J0DwUR6LIyXo7/SuuTJp1kM=",
        "owner": "numtide",
        "repo": "flake-utils",
        "rev": "04c1b180862888302ddfb2e3ad9eaa63afc60cf8",
        "type": "github"
      },
      "original": {
        "owner": "numtide",
        "repo": "flake-utils",
        "rev": "04c1b180862888302ddfb2e3ad9eaa63afc60cf8",
        "type": "github"
      }
    },
    "gh": {
      "inputs": {
        "pkg": "pkg_6"
      },
      "locked": {
        "dir": "pkg/gh",
        "lastModified": 1681613804,
        "narHash": "sha256-RGTvfbYzWmiCZkJkksPwc+EXqtqWETIGXcMVAJwRO+0=",
        "owner": "defn",
        "repo": "m",
        "rev": "16b6c4677dfa6a421799bc14eb06355d83ca3cac",
        "type": "github"
      },
      "original": {
        "dir": "pkg/gh",
        "owner": "defn",
        "ref": "pkg-gh-2.27.0-5",
        "repo": "m",
        "type": "github"
      }
    },
    "honeymarker": {
      "inputs": {
        "pkg": "pkg_7"
      },
      "locked": {
        "dir": "pkg/honeymarker",
        "lastModified": 1681613920,
        "narHash": "sha256-D5DqSUV/ZXMeeF6Cx1opWVAbCDe8TCqwHiscEkwnZ2o=",
        "owner": "defn",
        "repo": "m",
        "rev": "c8467a95fb08e04689358b1f444a74968285b65c",
        "type": "github"
      },
      "original": {
        "dir": "pkg/honeymarker",
        "owner": "defn",
        "ref": "pkg-honeymarker-0.2.10-5",
        "repo": "m",
        "type": "github"
      }
    },
    "honeytail": {
      "inputs": {
        "pkg": "pkg_8"
      },
      "locked": {
        "dir": "pkg/honeytail",
        "lastModified": 1681613936,
        "narHash": "sha256-5UR/9G+HQPIeCAgxzdSEvdMVUwL4Uqa/Xy2w3E9oCsE=",
        "owner": "defn",
        "repo": "m",
        "rev": "dd409320552bf7e567a9c91b09d93bcb8c344ba9",
        "type": "github"
      },
      "original": {
        "dir": "pkg/honeytail",
        "owner": "defn",
        "ref": "pkg-honeytail-1.8.3-3",
        "repo": "m",
        "type": "github"
      }
    },
    "honeyvent": {
      "inputs": {
        "pkg": "pkg_9"
      },
      "locked": {
        "dir": "pkg/honeyvent",
        "lastModified": 1681613953,
        "narHash": "sha256-Unjzo+r9pZQzOqpeSzLjym0zHjyr+HzIQyH0ZJnd8sQ=",
        "owner": "defn",
        "repo": "m",
        "rev": "2d7bab8b4cfc9db73c3d1ef34f849fae28b17263",
        "type": "github"
      },
      "original": {
        "dir": "pkg/honeyvent",
        "owner": "defn",
        "ref": "pkg-honeyvent-1.1.3-5",
        "repo": "m",
        "type": "github"
      }
    },
    "nixpkgs": {
      "locked": {
        "lastModified": 1669833724,
        "narHash": "sha256-/HEZNyGbnQecrgJnfE8d0WC5c1xuPSD2LUpB6YXlg4c=",
        "owner": "NixOS",
        "repo": "nixpkgs",
        "rev": "4d2b37a84fad1091b9de401eb450aae66f1a741e",
        "type": "github"
      },
      "original": {
        "owner": "NixOS",
        "repo": "nixpkgs",
        "rev": "4d2b37a84fad1091b9de401eb450aae66f1a741e",
        "type": "github"
      }
    },
    "nixpkgs_10": {
      "locked": {
        "lastModified": 1669833724,
        "narHash": "sha256-/HEZNyGbnQecrgJnfE8d0WC5c1xuPSD2LUpB6YXlg4c=",
        "owner": "NixOS",
        "repo": "nixpkgs",
        "rev": "4d2b37a84fad1091b9de401eb450aae66f1a741e",
        "type": "github"
      },
      "original": {
        "owner": "NixOS",
        "repo": "nixpkgs",
        "rev": "4d2b37a84fad1091b9de401eb450aae66f1a741e",
        "type": "github"
      }
    },
    "nixpkgs_11": {
      "locked": {
        "lastModified": 1669833724,
        "narHash": "sha256-/HEZNyGbnQecrgJnfE8d0WC5c1xuPSD2LUpB6YXlg4c=",
        "owner": "NixOS",
        "repo": "nixpkgs",
        "rev": "4d2b37a84fad1091b9de401eb450aae66f1a741e",
        "type": "github"
      },
      "original": {
        "owner": "NixOS",
        "repo": "nixpkgs",
        "rev": "4d2b37a84fad1091b9de401eb450aae66f1a741e",
        "type": "github"
      }
    },
    "nixpkgs_12": {
      "locked": {
        "lastModified": 1669833724,
        "narHash": "sha256-/HEZNyGbnQecrgJnfE8d0WC5c1xuPSD2LUpB6YXlg4c=",
        "owner": "NixOS",
        "repo": "nixpkgs",
        "rev": "4d2b37a84fad1091b9de401eb450aae66f1a741e",
        "type": "github"
      },
      "original": {
        "owner": "NixOS",
        "repo": "nixpkgs",
        "rev": "4d2b37a84fad1091b9de401eb450aae66f1a741e",
        "type": "github"
      }
    },
    "nixpkgs_2": {
      "locked": {
        "lastModified": 1669833724,
        "narHash": "sha256-/HEZNyGbnQecrgJnfE8d0WC5c1xuPSD2LUpB6YXlg4c=",
        "owner": "NixOS",
        "repo": "nixpkgs",
        "rev": "4d2b37a84fad1091b9de401eb450aae66f1a741e",
        "type": "github"
      },
      "original": {
        "owner": "NixOS",
        "repo": "nixpkgs",
        "rev": "4d2b37a84fad1091b9de401eb450aae66f1a741e",
        "type": "github"
      }
    },
    "nixpkgs_3": {
      "locked": {
        "lastModified": 1669833724,
        "narHash": "sha256-/HEZNyGbnQecrgJnfE8d0WC5c1xuPSD2LUpB6YXlg4c=",
        "owner": "NixOS",
        "repo": "nixpkgs",
        "rev": "4d2b37a84fad1091b9de401eb450aae66f1a741e",
        "type": "github"
      },
      "original": {
        "owner": "NixOS",
        "repo": "nixpkgs",
        "rev": "4d2b37a84fad1091b9de401eb450aae66f1a741e",
        "type": "github"
      }
    },
    "nixpkgs_4": {
      "locked": {
        "lastModified": 1669833724,
        "narHash": "sha256-/HEZNyGbnQecrgJnfE8d0WC5c1xuPSD2LUpB6YXlg4c=",
        "owner": "NixOS",
        "repo": "nixpkgs",
        "rev": "4d2b37a84fad1091b9de401eb450aae66f1a741e",
        "type": "github"
      },
      "original": {
        "owner": "NixOS",
        "repo": "nixpkgs",
        "rev": "4d2b37a84fad1091b9de401eb450aae66f1a741e",
        "type": "github"
      }
    },
    "nixpkgs_5": {
      "locked": {
        "lastModified": 1669833724,
        "narHash": "sha256-/HEZNyGbnQecrgJnfE8d0WC5c1xuPSD2LUpB6YXlg4c=",
        "owner": "NixOS",
        "repo": "nixpkgs",
        "rev": "4d2b37a84fad1091b9de401eb450aae66f1a741e",
        "type": "github"
      },
      "original": {
        "owner": "NixOS",
        "repo": "nixpkgs",
        "rev": "4d2b37a84fad1091b9de401eb450aae66f1a741e",
        "type": "github"
      }
    },
    "nixpkgs_6": {
      "locked": {
        "lastModified": 1669833724,
        "narHash": "sha256-/HEZNyGbnQecrgJnfE8d0WC5c1xuPSD2LUpB6YXlg4c=",
        "owner": "NixOS",
        "repo": "nixpkgs",
        "rev": "4d2b37a84fad1091b9de401eb450aae66f1a741e",
        "type": "github"
      },
      "original": {
        "owner": "NixOS",
        "repo": "nixpkgs",
        "rev": "4d2b37a84fad1091b9de401eb450aae66f1a741e",
        "type": "github"
      }
    },
    "nixpkgs_7": {
      "locked": {
        "lastModified": 1669833724,
        "narHash": "sha256-/HEZNyGbnQecrgJnfE8d0WC5c1xuPSD2LUpB6YXlg4c=",
        "owner": "NixOS",
        "repo": "nixpkgs",
        "rev": "4d2b37a84fad1091b9de401eb450aae66f1a741e",
        "type": "github"
      },
      "original": {
        "owner": "NixOS",
        "repo": "nixpkgs",
        "rev": "4d2b37a84fad1091b9de401eb450aae66f1a741e",
        "type": "github"
      }
    },
    "nixpkgs_8": {
      "locked": {
        "lastModified": 1669833724,
        "narHash": "sha256-/HEZNyGbnQecrgJnfE8d0WC5c1xuPSD2LUpB6YXlg4c=",
        "owner": "NixOS",
        "repo": "nixpkgs",
        "rev": "4d2b37a84fad1091b9de401eb450aae66f1a741e",
        "type": "github"
      },
      "original": {
        "owner": "NixOS",
        "repo": "nixpkgs",
        "rev": "4d2b37a84fad1091b9de401eb450aae66f1a741e",
        "type": "github"
      }
    },
    "nixpkgs_9": {
      "locked": {
        "lastModified": 1669833724,
        "narHash": "sha256-/HEZNyGbnQecrgJnfE8d0WC5c1xuPSD2LUpB6YXlg4c=",
        "owner": "NixOS",
        "repo": "nixpkgs",
        "rev": "4d2b37a84fad1091b9de401eb450aae66f1a741e",
        "type": "github"
      },
      "original": {
        "owner": "NixOS",
        "repo": "nixpkgs",
        "rev": "4d2b37a84fad1091b9de401eb450aae66f1a741e",
        "type": "github"
      }
    },
    "nomad": {
      "inputs": {
        "pkg": "pkg_10"
      },
      "locked": {
        "dir": "pkg/nomad",
        "lastModified": 1681615274,
        "narHash": "sha256-jTUQqu7wkW8XMZthZuHBC1tlCncYJbUjcLvV3f4tqaw=",
        "owner": "defn",
        "repo": "m",
        "rev": "c2831e3f1ae16012969b5b49c193e3caa030124b",
        "type": "github"
      },
      "original": {
        "dir": "pkg/nomad",
        "owner": "defn",
        "ref": "pkg-nomad-1.5.3-6",
        "repo": "m",
        "type": "github"
      }
    },
    "pkg": {
      "inputs": {
        "dev": "dev"
      },
      "locked": {
        "dir": "pkg/pkg",
        "lastModified": 1681613293,
        "narHash": "sha256-MveVeebzIONcgERh+3U7nWdXm7ijPHePzIH8oYsCQ+A=",
        "owner": "defn",
        "repo": "m",
        "rev": "9761c33c7832f178f62ceb9c2a9b8ed4df8d420f",
        "type": "github"
      },
      "original": {
        "dir": "pkg/pkg",
        "owner": "defn",
        "ref": "pkg-pkg-0.0.5",
        "repo": "m",
        "type": "github"
      }
    },
    "pkg_10": {
      "inputs": {
        "dev": "dev_10"
      },
      "locked": {
        "dir": "pkg/pkg",
        "lastModified": 1681613293,
        "narHash": "sha256-MveVeebzIONcgERh+3U7nWdXm7ijPHePzIH8oYsCQ+A=",
        "owner": "defn",
        "repo": "m",
        "rev": "9761c33c7832f178f62ceb9c2a9b8ed4df8d420f",
        "type": "github"
      },
      "original": {
        "dir": "pkg/pkg",
        "owner": "defn",
        "ref": "pkg-pkg-0.0.5",
        "repo": "m",
        "type": "github"
      }
    },
    "pkg_11": {
      "inputs": {
        "dev": "dev_11"
      },
      "locked": {
        "dir": "pkg/pkg",
        "lastModified": 1681613293,
        "narHash": "sha256-MveVeebzIONcgERh+3U7nWdXm7ijPHePzIH8oYsCQ+A=",
        "owner": "defn",
        "repo": "m",
        "rev": "9761c33c7832f178f62ceb9c2a9b8ed4df8d420f",
        "type": "github"
      },
      "original": {
        "dir": "pkg/pkg",
        "owner": "defn",
        "ref": "pkg-pkg-0.0.5",
        "repo": "m",
        "type": "github"
      }
    },
    "pkg_12": {
      "inputs": {
        "dev": "dev_12"
      },
      "locked": {
        "dir": "pkg/pkg",
        "lastModified": 1681613293,
        "narHash": "sha256-MveVeebzIONcgERh+3U7nWdXm7ijPHePzIH8oYsCQ+A=",
        "owner": "defn",
        "repo": "m",
        "rev": "9761c33c7832f178f62ceb9c2a9b8ed4df8d420f",
        "type": "github"
      },
      "original": {
        "dir": "pkg/pkg",
        "owner": "defn",
        "ref": "pkg-pkg-0.0.5",
        "repo": "m",
        "type": "github"
      }
    },
    "pkg_2": {
      "inputs": {
        "dev": "dev_2"
      },
      "locked": {
        "dir": "pkg/pkg",
        "lastModified": 1681613293,
        "narHash": "sha256-MveVeebzIONcgERh+3U7nWdXm7ijPHePzIH8oYsCQ+A=",
        "owner": "defn",
        "repo": "m",
        "rev": "9761c33c7832f178f62ceb9c2a9b8ed4df8d420f",
        "type": "github"
      },
      "original": {
        "dir": "pkg/pkg",
        "owner": "defn",
        "ref": "pkg-pkg-0.0.5",
        "repo": "m",
        "type": "github"
      }
    },
    "pkg_3": {
      "inputs": {
        "dev": "dev_3"
      },
      "locked": {
        "dir": "pkg/pkg",
        "lastModified": 1681613293,
        "narHash": "sha256-MveVeebzIONcgERh+3U7nWdXm7ijPHePzIH8oYsCQ+A=",
        "owner": "defn",
        "repo": "m",
        "rev": "9761c33c7832f178f62ceb9c2a9b8ed4df8d420f",
        "type": "github"
      },
      "original": {
        "dir": "pkg/pkg",
        "owner": "defn",
        "ref": "pkg-pkg-0.0.5",
        "repo": "m",
        "type": "github"
      }
    },
    "pkg_4": {
      "inputs": {
        "dev": "dev_4"
      },
      "locked": {
        "dir": "pkg/pkg",
        "lastModified": 1681613293,
        "narHash": "sha256-MveVeebzIONcgERh+3U7nWdXm7ijPHePzIH8oYsCQ+A=",
        "owner": "defn",
        "repo": "m",
        "rev": "9761c33c7832f178f62ceb9c2a9b8ed4df8d420f",
        "type": "github"
      },
      "original": {
        "dir": "pkg/pkg",
        "owner": "defn",
        "ref": "pkg-pkg-0.0.5",
        "repo": "m",
        "type": "github"
      }
    },
    "pkg_5": {
      "inputs": {
        "dev": "dev_5"
      },
      "locked": {
        "dir": "pkg/pkg",
        "lastModified": 1681613293,
        "narHash": "sha256-MveVeebzIONcgERh+3U7nWdXm7ijPHePzIH8oYsCQ+A=",
        "owner": "defn",
        "repo": "m",
        "rev": "9761c33c7832f178f62ceb9c2a9b8ed4df8d420f",
        "type": "github"
      },
      "original": {
        "dir": "pkg/pkg",
        "owner": "defn",
        "ref": "pkg-pkg-0.0.5",
        "repo": "m",
        "type": "github"
      }
    },
    "pkg_6": {
      "inputs": {
        "dev": "dev_6"
      },
      "locked": {
        "dir": "pkg/pkg",
        "lastModified": 1681613293,
        "narHash": "sha256-MveVeebzIONcgERh+3U7nWdXm7ijPHePzIH8oYsCQ+A=",
        "owner": "defn",
        "repo": "m",
        "rev": "9761c33c7832f178f62ceb9c2a9b8ed4df8d420f",
        "type": "github"
      },
      "original": {
        "dir": "pkg/pkg",
        "owner": "defn",
        "ref": "pkg-pkg-0.0.5",
        "repo": "m",
        "type": "github"
      }
    },
    "pkg_7": {
      "inputs": {
        "dev": "dev_7"
      },
      "locked": {
        "dir": "pkg/pkg",
        "lastModified": 1681613293,
        "narHash": "sha256-MveVeebzIONcgERh+3U7nWdXm7ijPHePzIH8oYsCQ+A=",
        "owner": "defn",
        "repo": "m",
        "rev": "9761c33c7832f178f62ceb9c2a9b8ed4df8d420f",
        "type": "github"
      },
      "original": {
        "dir": "pkg/pkg",
        "owner": "defn",
        "ref": "pkg-pkg-0.0.5",
        "repo": "m",
        "type": "github"
      }
    },
    "pkg_8": {
      "inputs": {
        "dev": "dev_8"
      },
      "locked": {
        "dir": "pkg/pkg",
        "lastModified": 1681613293,
        "narHash": "sha256-MveVeebzIONcgERh+3U7nWdXm7ijPHePzIH8oYsCQ+A=",
        "owner": "defn",
        "repo": "m",
        "rev": "9761c33c7832f178f62ceb9c2a9b8ed4df8d420f",
        "type": "github"
      },
      "original": {
        "dir": "pkg/pkg",
        "owner": "defn",
        "ref": "pkg-pkg-0.0.5",
        "repo": "m",
        "type": "github"
      }
    },
    "pkg_9": {
      "inputs": {
        "dev": "dev_9"
      },
      "locked": {
        "dir": "pkg/pkg",
        "lastModified": 1681613293,
        "narHash": "sha256-MveVeebzIONcgERh+3U7nWdXm7ijPHePzIH8oYsCQ+A=",
        "owner": "defn",
        "repo": "m",
        "rev": "9761c33c7832f178f62ceb9c2a9b8ed4df8d420f",
        "type": "github"
      },
      "original": {
        "dir": "pkg/pkg",
        "owner": "defn",
        "ref": "pkg-pkg-0.0.5",
        "repo": "m",
        "type": "github"
      }
    },
    "root": {
      "inputs": {
        "bk": "bk",
        "boundary": "boundary",
        "buildevents": "buildevents",
        "buildkite": "buildkite",
        "earthly": "earthly",
        "gh": "gh",
        "honeymarker": "honeymarker",
        "honeytail": "honeytail",
        "honeyvent": "honeyvent",
        "nomad": "nomad",
        "tilt": "tilt",
        "vault": "vault"
      }
    },
    "tilt": {
      "inputs": {
        "pkg": "pkg_11"
      },
      "locked": {
        "dir": "pkg/tilt",
        "lastModified": 1681615392,
        "narHash": "sha256-vTiIuLcgv+9WibrJ8z/T2CgWop7Qr1hrBy3JGUsrsjc=",
        "owner": "defn",
        "repo": "m",
        "rev": "fea1c062e4b9c0a4d5ed60952686d0a622f8cd9a",
        "type": "github"
      },
      "original": {
        "dir": "pkg/tilt",
        "owner": "defn",
        "ref": "pkg-tilt-0.32.1-4",
        "repo": "m",
        "type": "github"
      }
    },
    "vault": {
      "inputs": {
        "pkg": "pkg_12"
      },
      "locked": {
        "dir": "pkg/vault",
        "lastModified": 1681615415,
        "narHash": "sha256-XLgQOkW7KQoM7EXSjnT26YkkIVyoCLv7mVJdp4nM/is=",
        "owner": "defn",
        "repo": "m",
        "rev": "1b27e23d93138473ad012aace2e476e769c0d3b0",
        "type": "github"
      },
      "original": {
        "dir": "pkg/vault",
        "owner": "defn",
        "ref": "pkg-vault-1.13.1-6",
        "repo": "m",
        "type": "github"
      }
    }
  },
  "root": "root",
  "version": 7
}
